
Microsoft Visual Studio Solution File, Format Version 12.00
# Visual Studio 15
Project("{FAE04EC0-301F-11D3-BF4B-00C04F79EFBC}") = "MobileRobot", "MobileRobot.csproj", "{F484231B-AD83-B875-2321-E084AFA5628E}"
EndProject
Project("{FAE04EC0-301F-11D3-BF4B-00C04F79EFBC}") = "MobileRobot.Editor", "MobileRobot.Editor.csproj", "{49BEC6C5-62F9-ABD9-94F7-7E8DE7346466}"
EndProject
Global
	GlobalSection(SolutionConfigurationPlatforms) = preSolution
		Debug|Any CPU = Debug|Any CPU
		Release|Any CPU = Release|Any CPU
	EndGlobalSection
	GlobalSection(ProjectConfigurationPlatforms) = postSolution
		{F484231B-AD83-B875-2321-E084AFA5628E}.Debug|Any CPU.ActiveCfg = Debug|Any CPU
		{F484231B-AD83-B875-2321-E084AFA5628E}.Debug|Any CPU.Build.0 = Debug|Any CPU
		{F484231B-AD83-B875-2321-E084AFA5628E}.Release|Any CPU.ActiveCfg = Release|Any CPU
		{F484231B-AD83-B875-2321-E084AFA5628E}.Release|Any CPU.Build.0 = Release|Any CPU
		{49BEC6C5-62F9-ABD9-94F7-7E8DE7346466}.Debug|Any CPU.ActiveCfg = Debug|Any CPU
		{49BEC6C5-62F9-ABD9-94F7-7E8DE7346466}.Debug|Any CPU.Build.0 = Debug|Any CPU
		{49BEC6C5-62F9-ABD9-94F7-7E8DE7346466}.Release|Any CPU.ActiveCfg = Release|Any CPU
		{49BEC6C5-62F9-ABD9-94F7-7E8DE7346466}.Release|Any CPU.Build.0 = Release|Any CPU
	EndGlobalSection
	GlobalSection(SolutionProperties) = preSolution
		HideSolutionNode = FALSE
	EndGlobalSection
EndGlobal
